// !$*UTF8*$!
{
	archiveVersion = 1;
	classes = {
	};
	objectVersion = 48;
	objects = {

/* Begin PBXBuildFile section */
		707055C91F771562004412D3 /* AppDelegate.swift in Sources */ = {isa = PBXBuildFile; fileRef = 707055C81F771562004412D3 /* AppDelegate.swift */; };
		707055CB1F771562004412D3 /* ViewController.swift in Sources */ = {isa = PBXBuildFile; fileRef = 707055CA1F771562004412D3 /* ViewController.swift */; };
		707055CE1F771562004412D3 /* Main.storyboard in Resources */ = {isa = PBXBuildFile; fileRef = 707055CC1F771562004412D3 /* Main.storyboard */; };
		707055D01F771562004412D3 /* Assets.xcassets in Resources */ = {isa = PBXBuildFile; fileRef = 707055CF1F771562004412D3 /* Assets.xcassets */; };
		707055D31F771562004412D3 /* LaunchScreen.storyboard in Resources */ = {isa = PBXBuildFile; fileRef = 707055D11F771562004412D3 /* LaunchScreen.storyboard */; };
		707055DE1F771562004412D3 /* window_shopperTests.swift in Sources */ = {isa = PBXBuildFile; fileRef = 707055DD1F771562004412D3 /* window_shopperTests.swift */; };
		707055E91F771562004412D3 /* window_shopperUITests.swift in Sources */ = {isa = PBXBuildFile; fileRef = 707055E81F771562004412D3 /* window_shopperUITests.swift */; };
/* End PBXBuildFile section */

/* Begin PBXContainerItemProxy section */
		707055DA1F771562004412D3 /* PBXContainerItemProxy */ = {
			isa = PBXContainerItemProxy;
			containerPortal = 707055BD1F771562004412D3 /* Project object */;
			proxyType = 1;
			remoteGlobalIDString = 707055C41F771562004412D3;
			remoteInfo = "window-shopper";
		};
		707055E51F771562004412D3 /* PBXContainerItemProxy */ = {
			isa = PBXContainerItemProxy;
			containerPortal = 707055BD1F771562004412D3 /* Project object */;
			proxyType = 1;
			remoteGlobalIDString = 707055C41F771562004412D3;
			remoteInfo = "window-shopper";
		};
/* End PBXContainerItemProxy section */

/* Begin PBXFileReference section */
		707055C51F771562004412D3 /* window-shopper.app */ = {isa = PBXFileReference; explicitFileType = wrapper.application; includeInIndex = 0; path = "window-shopper.app"; sourceTree = BUILT_PRODUCTS_DIR; };
		707055C81F771562004412D3 /* AppDelegate.swift */ = {isa = PBXFileReference; lastKnownFileType = sourcecode.swift; path = AppDelegate.swift; sourceTree = "<group>"; };
		707055CA1F771562004412D3 /* ViewController.swift */ = {isa = PBXFileReference; lastKnownFileType = sourcecode.swift; path = ViewController.swift; sourceTree = "<group>"; };
		707055CD1F771562004412D3 /* Base */ = {isa = PBXFileReference; lastKnownFileType = file.storyboard; name = Base; path = Base.lproj/Main.storyboard; sourceTree = "<group>"; };
		707055CF1F771562004412D3 /* Assets.xcassets */ = {isa = PBXFileReference; lastKnownFileType = folder.assetcatalog; path = Assets.xcassets; sourceTree = "<group>"; };
		707055D21F771562004412D3 /* Base */ = {isa = PBXFileReference; lastKnownFileType = file.storyboard; name = Base; path = Base.lproj/LaunchScreen.storyboard; sourceTree = "<group>"; };
		707055D41F771562004412D3 /* Info.plist */ = {isa = PBXFileReference; lastKnownFileType = text.plist.xml; path = Info.plist; sourceTree = "<group>"; };
		707055D91F771562004412D3 /* window-shopperTests.xctest */ = {isa = PBXFileReference; explicitFileType = wrapper.cfbundle; includeInIndex = 0; path = "window-shopperTests.xctest"; sourceTree = BUILT_PRODUCTS_DIR; };
		707055DD1F771562004412D3 /* window_shopperTests.swift */ = {isa = PBXFileReference; lastKnownFileType = sourcecode.swift; path = window_shopperTests.swift; sourceTree = "<group>"; };
		707055DF1F771562004412D3 /* Info.plist */ = {isa = PBXFileReference; lastKnownFileType = text.plist.xml; path = Info.plist; sourceTree = "<group>"; };
		707055E41F771562004412D3 /* window-shopperUITests.xctest */ = {isa = PBXFileReference; explicitFileType = wrapper.cfbundle; includeInIndex = 0; path = "window-shopperUITests.xctest"; sourceTree = BUILT_PRODUCTS_DIR; };
		707055E81F771562004412D3 /* window_shopperUITests.swift */ = {isa = PBXFileReference; lastKnownFileType = sourcecode.swift; path = window_shopperUITests.swift; sourceTree = "<group>"; };
		707055EA1F771562004412D3 /* Info.plist */ = {isa = PBXFileReference; lastKnownFileType = text.plist.xml; path = Info.plist; sourceTree = "<group>"; };
/* End PBXFileReference section */

/* Begin PBXFrameworksBuildPhase section */
		707055C21F771562004412D3 /* Frameworks */ = {
			isa = PBXFrameworksBuildPhase;
			buildActionMask = 2147483647;
			files = (
			);
			runOnlyForDeploymentPostprocessing = 0;
		};
		707055D61F771562004412D3 /* Frameworks */ = {
			isa = PBXFrameworksBuildPhase;
			buildActionMask = 2147483647;
			files = (
			);
			runOnlyForDeploymentPostprocessing = 0;
		};
		707055E11F771562004412D3 /* Frameworks */ = {
			isa = PBXFrameworksBuildPhase;
			buildActionMask = 2147483647;
			files = (
			);
			runOnlyForDeploymentPostprocessing = 0;
		};
/* End PBXFrameworksBuildPhase section */

/* Begin PBXGroup section */
		707055BC1F771562004412D3 = {
			isa = PBXGroup;
			children = (
				707055C71F771562004412D3 /* window-shopper */,
				707055DC1F771562004412D3 /* window-shopperTests */,
				707055E71F771562004412D3 /* window-shopperUITests */,
				707055C61F771562004412D3 /* Products */,
			);
			sourceTree = "<group>";
		};
		707055C61F771562004412D3 /* Products */ = {
			isa = PBXGroup;
			children = (
				707055C51F771562004412D3 /* window-shopper.app */,
				707055D91F771562004412D3 /* window-shopperTests.xctest */,
				707055E41F771562004412D3 /* window-shopperUITests.xctest */,
			);
			name = Products;
			sourceTree = "<group>";
		};
		707055C71F771562004412D3 /* window-shopper */ = {
			isa = PBXGroup;
			children = (
				707055C81F771562004412D3 /* AppDelegate.swift */,
				707055CA1F771562004412D3 /* ViewController.swift */,
				707055CC1F771562004412D3 /* Main.storyboard */,
				707055CF1F771562004412D3 /* Assets.xcassets */,
				707055D11F771562004412D3 /* LaunchScreen.storyboard */,
				707055D41F771562004412D3 /* Info.plist */,
			);
			path = "window-shopper";
			sourceTree = "<group>";
		};
		707055DC1F771562004412D3 /* window-shopperTests */ = {
			isa = PBXGroup;
			children = (
				707055DD1F771562004412D3 /* window_shopperTests.swift */,
				707055DF1F771562004412D3 /* Info.plist */,
			);
			path = "window-shopperTests";
			sourceTree = "<group>";
		};
		707055E71F771562004412D3 /* window-shopperUITests */ = {
			isa = PBXGroup;
			children = (
				707055E81F771562004412D3 /* window_shopperUITests.swift */,
				707055EA1F771562004412D3 /* Info.plist */,
			);
			path = "window-shopperUITests";
			sourceTree = "<group>";
		};
/* End PBXGroup section */

/* Begin PBXNativeTarget section */
		707055C41F771562004412D3 /* window-shopper */ = {
			isa = PBXNativeTarget;
			buildConfigurationList = 707055ED1F771562004412D3 /* Build configuration list for PBXNativeTarget "window-shopper" */;
			buildPhases = (
				707055C11F771562004412D3 /* Sources */,
				707055C21F771562004412D3 /* Frameworks */,
				707055C31F771562004412D3 /* Resources */,
			);
			buildRules = (
			);
			dependencies = (
			);
			name = "window-shopper";
			productName = "window-shopper";
			productReference = 707055C51F771562004412D3 /* window-shopper.app */;
			productType = "com.apple.product-type.application";
		};
		707055D81F771562004412D3 /* window-shopperTests */ = {
			isa = PBXNativeTarget;
			buildConfigurationList = 707055F01F771562004412D3 /* Build configuration list for PBXNativeTarget "window-shopperTests" */;
			buildPhases = (
				707055D51F771562004412D3 /* Sources */,
				707055D61F771562004412D3 /* Frameworks */,
				707055D71F771562004412D3 /* Resources */,
			);
			buildRules = (
			);
			dependencies = (
				707055DB1F771562004412D3 /* PBXTargetDependency */,
			);
			name = "window-shopperTests";
			productName = "window-shopperTests";
			productReference = 707055D91F771562004412D3 /* window-shopperTests.xctest */;
			productType = "com.apple.product-type.bundle.unit-test";
		};
		707055E31F771562004412D3 /* window-shopperUITests */ = {
			isa = PBXNativeTarget;
			buildConfigurationList = 707055F31F771562004412D3 /* Build configuration list for PBXNativeTarget "window-shopperUITests" */;
			buildPhases = (
				707055E01F771562004412D3 /* Sources */,
				707055E11F771562004412D3 /* Frameworks */,
				707055E21F771562004412D3 /* Resources */,
			);
			buildRules = (
			);
			dependencies = (
				707055E61F771562004412D3 /* PBXTargetDependency */,
			);
			name = "window-shopperUITests";
			productName = "window-shopperUITests";
			productReference = 707055E41F771562004412D3 /* window-shopperUITests.xctest */;
			productType = "com.apple.product-type.bundle.ui-testing";
		};
/* End PBXNativeTarget section */

/* Begin PBXProject section */
		707055BD1F771562004412D3 /* Project object */ = {
			isa = PBXProject;
			attributes = {
				LastSwiftUpdateCheck = 0900;
				LastUpgradeCheck = 0900;
				ORGANIZATIONNAME = "Justin  Doty";
				TargetAttributes = {
					707055C41F771562004412D3 = {
						CreatedOnToolsVersion = 9.0;
					};
					707055D81F771562004412D3 = {
						CreatedOnToolsVersion = 9.0;
						TestTargetID = 707055C41F771562004412D3;
					};
					707055E31F771562004412D3 = {
						CreatedOnToolsVersion = 9.0;
						TestTargetID = 707055C41F771562004412D3;
					};
				};
			};
			buildConfigurationList = 707055C01F771562004412D3 /* Build configuration list for PBXProject "window-shopper" */;
			compatibilityVersion = "Xcode 8.0";
			developmentRegion = en;
			hasScannedForEncodings = 0;
			knownRegions = (
				en,
				Base,
			);
			mainGroup = 707055BC1F771562004412D3;
			productRefGroup = 707055C61F771562004412D3 /* Products */;
			projectDirPath = "";
			projectRoot = "";
			targets = (
				707055C41F771562004412D3 /* window-shopper */,
				707055D81F771562004412D3 /* window-shopperTests */,
				707055E31F771562004412D3 /* window-shopperUITests */,
			);
		};
/* End PBXProject section */

/* Begin PBXResourcesBuildPhase section */
		707055C31F771562004412D3 /* Resources */ = {
			isa = PBXResourcesBuildPhase;
			buildActionMask = 2147483647;
			files = (
				707055D31F771562004412D3 /* LaunchScreen.storyboard in Resources */,
				707055D01F771562004412D3 /* Assets.xcassets in Resources */,
				707055CE1F771562004412D3 /* Main.storyboard in Resources */,
			);
			runOnlyForDeploymentPostprocessing = 0;
		};
		707055D71F771562004412D3 /* Resources */ = {
			isa = PBXResourcesBuildPhase;
			buildActionMask = 2147483647;
			files = (
			);
			runOnlyForDeploymentPostprocessing = 0;
		};
		707055E21F771562004412D3 /* Resources */ = {
			isa = PBXResourcesBuildPhase;
			buildActionMask = 2147483647;
			files = (
			);
			runOnlyForDeploymentPostprocessing = 0;
		};
/* End PBXResourcesBuildPhase section */

/* Begin PBXSourcesBuildPhase section */
		707055C11F771562004412D3 /* Sources */ = {
			isa = PBXSourcesBuildPhase;
			buildActionMask = 2147483647;
			files = (
				707055CB1F771562004412D3 /* ViewController.swift in Sources */,
				707055C91F771562004412D3 /* AppDelegate.swift in Sources */,
			);
			runOnlyForDeploymentPostprocessing = 0;
		};
		707055D51F771562004412D3 /* Sources */ = {
			isa = PBXSourcesBuildPhase;
			buildActionMask = 2147483647;
			files = (
				707055DE1F771562004412D3 /* window_shopperTests.swift in Sources */,
			);
			runOnlyForDeploymentPostprocessing = 0;
		};
		707055E01F771562004412D3 /* Sources */ = {
			isa = PBXSourcesBuildPhase;
			buildActionMask = 2147483647;
			files = (
				707055E91F771562004412D3 /* window_shopperUITests.swift in Sources */,
			);
			runOnlyForDeploymentPostprocessing = 0;
		};
/* End PBXSourcesBuildPhase section */

/* Begin PBXTargetDependency section */
		707055DB1F771562004412D3 /* PBXTargetDependency */ = {
			isa = PBXTargetDependency;
			target = 707055C41F771562004412D3 /* window-shopper */;
			targetProxy = 707055DA1F771562004412D3 /* PBXContainerItemProxy */;
		};
		707055E61F771562004412D3 /* PBXTargetDependency */ = {
			isa = PBXTargetDependency;
			target = 707055C41F771562004412D3 /* window-shopper */;
			targetProxy = 707055E51F771562004412D3 /* PBXContainerItemProxy */;
		};
/* End PBXTargetDependency section */

/* Begin PBXVariantGroup section */
		707055CC1F771562004412D3 /* Main.storyboard */ = {
			isa = PBXVariantGroup;
			children = (
				707055CD1F771562004412D3 /* Base */,
			);
			name = Main.storyboard;
			sourceTree = "<group>";
		};
		707055D11F771562004412D3 /* LaunchScreen.storyboard */ = {
			isa = PBXVariantGroup;
			children = (
				707055D21F771562004412D3 /* Base */,
			);
			name = LaunchScreen.storyboard;
			sourceTree = "<group>";
		};
/* End PBXVariantGroup section */

/* Begin XCBuildConfiguration section */
		707055EB1F771562004412D3 /* Debug */ = {
			isa = XCBuildConfiguration;
			buildSettings = {
				ALWAYS_SEARCH_USER_PATHS = NO;
				CLANG_ANALYZER_NONNULL = YES;
				CLANG_ANALYZER_NUMBER_OBJECT_CONVERSION = YES_AGGRESSIVE;
				CLANG_CXX_LANGUAGE_STANDARD = "gnu++14";
				CLANG_CXX_LIBRARY = "libc++";
				CLANG_ENABLE_MODULES = YES;
				CLANG_ENABLE_OBJC_ARC = YES;
				CLANG_WARN_BLOCK_CAPTURE_AUTORELEASING = YES;
				CLANG_WARN_BOOL_CONVERSION = YES;
				CLANG_WARN_COMMA = YES;
				CLANG_WARN_CONSTANT_CONVERSION = YES;
				CLANG_WARN_DIRECT_OBJC_ISA_USAGE = YES_ERROR;
				CLANG_WARN_DOCUMENTATION_COMMENTS = YES;
				CLANG_WARN_EMPTY_BODY = YES;
				CLANG_WARN_ENUM_CONVERSION = YES;
				CLANG_WARN_INFINITE_RECURSION = YES;
				CLANG_WARN_INT_CONVERSION = YES;
				CLANG_WARN_NON_LITERAL_NULL_CONVERSION = YES;
				CLANG_WARN_OBJC_LITERAL_CONVERSION = YES;
				CLANG_WARN_OBJC_ROOT_CLASS = YES_ERROR;
				CLANG_WARN_RANGE_LOOP_ANALYSIS = YES;
				CLANG_WARN_STRICT_PROTOTYPES = YES;
				CLANG_WARN_SUSPICIOUS_MOVE = YES;
				CLANG_WARN_UNGUARDED_AVAILABILITY = YES_AGGRESSIVE;
				CLANG_WARN_UNREACHABLE_CODE = YES;
				CLANG_WARN__DUPLICATE_METHOD_MATCH = YES;
				CODE_SIGN_IDENTITY = "iPhone Developer";
				COPY_PHASE_STRIP = NO;
				DEBUG_INFORMATION_FORMAT = dwarf;
				ENABLE_STRICT_OBJC_MSGSEND = YES;
				ENABLE_TESTABILITY = YES;
				GCC_C_LANGUAGE_STANDARD = gnu11;
				GCC_DYNAMIC_NO_PIC = NO;
				GCC_NO_COMMON_BLOCKS = YES;
				GCC_OPTIMIZATION_LEVEL = 0;
				GCC_PREPROCESSOR_DEFINITIONS = (
					"DEBUG=1",
					"$(inherited)",
				);
				GCC_WARN_64_TO_32_BIT_CONVERSION = YES;
				GCC_WARN_ABOUT_RETURN_TYPE = YES_ERROR;
				GCC_WARN_UNDECLARED_SELECTOR = YES;
				GCC_WARN_UNINITIALIZED_AUTOS = YES_AGGRESSIVE;
				GCC_WARN_UNUSED_FUNCTION = YES;
				GCC_WARN_UNUSED_VARIABLE = YES;
				IPHONEOS_DEPLOYMENT_TARGET = 11.0;
				MTL_ENABLE_DEBUG_INFO = YES;
				ONLY_ACTIVE_ARCH = YES;
				SDKROOT = iphoneos;
				SWIFT_ACTIVE_COMPILATION_CONDITIONS = DEBUG;
				SWIFT_OPTIMIZATION_LEVEL = "-Onone";
			};
			name = Debug;
		};
		707055EC1F771562004412D3 /* Release */ = {
			isa = XCBuildConfiguration;
			buildSettings = {
				ALWAYS_SEARCH_USER_PATHS = NO;
				CLANG_ANALYZER_NONNULL = YES;
				CLANG_ANALYZER_NUMBER_OBJECT_CONVERSION = YES_AGGRESSIVE;
				CLANG_CXX_LANGUAGE_STANDARD = "gnu++14";
				CLANG_CXX_LIBRARY = "libc++";
				CLANG_ENABLE_MODULES = YES;
				CLANG_ENABLE_OBJC_ARC = YES;
				CLANG_WARN_BLOCK_CAPTURE_AUTORELEASING = YES;
				CLANG_WARN_BOOL_CONVERSION = YES;
				CLANG_WARN_COMMA = YES;
				CLANG_WARN_CONSTANT_CONVERSION = YES;
				CLANG_WARN_DIRECT_OBJC_ISA_USAGE = YES_ERROR;
				CLANG_WARN_DOCUMENTATION_COMMENTS = YES;
				CLANG_WARN_EMPTY_BODY = YES;
				CLANG_WARN_ENUM_CONVERSION = YES;
				CLANG_WARN_INFINITE_RECURSION = YES;
				CLANG_WARN_INT_CONVERSION = YES;
				CLANG_WARN_NON_LITERAL_NULL_CONVERSION = YES;
				CLANG_WARN_OBJC_LITERAL_CONVERSION = YES;
				CLANG_WARN_OBJC_ROOT_CLASS = YES_ERROR;
				CLANG_WARN_RANGE_LOOP_ANALYSIS = YES;
				CLANG_WARN_STRICT_PROTOTYPES = YES;
				CLANG_WARN_SUSPICIOUS_MOVE = YES;
				CLANG_WARN_UNGUARDED_AVAILABILITY = YES_AGGRESSIVE;
				CLANG_WARN_UNREACHABLE_CODE = YES;
				CLANG_WARN__DUPLICATE_METHOD_MATCH = YES;
				CODE_SIGN_IDENTITY = "iPhone Developer";
				COPY_PHASE_STRIP = NO;
				DEBUG_INFORMATION_FORMAT = "dwarf-with-dsym";
				ENABLE_NS_ASSERTIONS = NO;
				ENABLE_STRICT_OBJC_MSGSEND = YES;
				GCC_C_LANGUAGE_STANDARD = gnu11;
				GCC_NO_COMMON_BLOCKS = YES;
				GCC_WARN_64_TO_32_BIT_CONVERSION = YES;
				GCC_WARN_ABOUT_RETURN_TYPE = YES_ERROR;
				GCC_WARN_UNDECLARED_SELECTOR = YES;
				GCC_WARN_UNINITIALIZED_AUTOS = YES_AGGRESSIVE;
				GCC_WARN_UNUSED_FUNCTION = YES;
				GCC_WARN_UNUSED_VARIABLE = YES;
				IPHONEOS_DEPLOYMENT_TARGET = 11.0;
				MTL_ENABLE_DEBUG_INFO = NO;
				SDKROOT = iphoneos;
				SWIFT_OPTIMIZATION_LEVEL = "-Owholemodule";
				VALIDATE_PRODUCT = YES;
			};
			name = Release;
		};
		707055EE1F771562004412D3 /* Debug */ = {
			isa = XCBuildConfiguration;
			buildSettings = {
				ASSETCATALOG_COMPILER_APPICON_NAME = AppIcon;
				INFOPLIST_FILE = "window-shopper/Info.plist";
				LD_RUNPATH_SEARCH_PATHS = "$(inherited) @executable_path/Frameworks";
				PRODUCT_BUNDLE_IDENTIFIER = "justin.window-shopper";
				PRODUCT_NAME = "$(TARGET_NAME)";
				SWIFT_VERSION = 4.0;
				TARGETED_DEVICE_FAMILY = "1,2";
			};
			name = Debug;
		};
		707055EF1F771562004412D3 /* Release */ = {
			isa = XCBuildConfiguration;
			buildSettings = {
				ASSETCATALOG_COMPILER_APPICON_NAME = AppIcon;
				INFOPLIST_FILE = "window-shopper/Info.plist";
				LD_RUNPATH_SEARCH_PATHS = "$(inherited) @executable_path/Frameworks";
				PRODUCT_BUNDLE_IDENTIFIER = "justin.window-shopper";
				PRODUCT_NAME = "$(TARGET_NAME)";
				SWIFT_VERSION = 4.0;
				TARGETED_DEVICE_FAMILY = "1,2";
			};
			name = Release;
		};
		707055F11F771562004412D3 /* Debug */ = {
			isa = XCBuildConfiguration;
			buildSettings = {
				ALWAYS_EMBED_SWIFT_STANDARD_LIBRARIES = YES;
				BUNDLE_LOADER = "$(TEST_HOST)";
				INFOPLIST_FILE = "window-shopperTests/Info.plist";
				LD_RUNPATH_SEARCH_PATHS = "$(inherited) @executable_path/Frameworks @loader_path/Frameworks";
				PRODUCT_BUNDLE_IDENTIFIER = "justin.window-shopperTests";
				PRODUCT_NAME = "$(TARGET_NAME)";
				SWIFT_VERSION = 4.0;
				TARGETED_DEVICE_FAMILY = "1,2";
				TEST_HOST = "$(BUILT_PRODUCTS_DIR)/window-shopper.app/window-shopper";
			};
			name = Debug;
		};
		707055F21F771562004412D3 /* Release */ = {
			isa = XCBuildConfiguration;
			buildSettings = {
				ALWAYS_EMBED_SWIFT_STANDARD_LIBRARIES = YES;
				BUNDLE_LOADER = "$(TEST_HOST)";
				INFOPLIST_FILE = "window-shopperTests/Info.plist";
				LD_RUNPATH_SEARCH_PATHS = "$(inherited) @executable_path/Frameworks @loader_path/Frameworks";
				PRODUCT_BUNDLE_IDENTIFIER = "justin.window-shopperTests";
				PRODUCT_NAME = "$(TARGET_NAME)";
				SWIFT_VERSION = 4.0;
				TARGETED_DEVICE_FAMILY = "1,2";
				TEST_HOST = "$(BUILT_PRODUCTS_DIR)/window-shopper.app/window-shopper";
			};
			name = Release;
		};
		707055F41F771562004412D3 /* Debug */ = {
			isa = XCBuildConfiguration;
			buildSettings = {
				ALWAYS_EMBED_SWIFT_STANDARD_LIBRARIES = YES;
				INFOPLIST_FILE = "window-shopperUITests/Info.plist";
				LD_RUNPATH_SEARCH_PATHS = "$(inherited) @executable_path/Frameworks @loader_path/Frameworks";
				PRODUCT_BUNDLE_IDENTIFIER = "justin.window-shopperUITests";
				PRODUCT_NAME = "$(TARGET_NAME)";
				SWIFT_VERSION = 4.0;
				TARGETED_DEVICE_FAMILY = "1,2";
				TEST_TARGET_NAME = "window-shopper";
			};
			name = Debug;
		};
		707055F51F771562004412D3 /* Release */ = {
			isa = XCBuildConfiguration;
			buildSettings = {
				ALWAYS_EMBED_SWIFT_STANDARD_LIBRARIES = YES;
				INFOPLIST_FILE = "window-shopperUITests/Info.plist";
				LD_RUNPATH_SEARCH_PATHS = "$(inherited) @executable_path/Frameworks @loader_path/Frameworks";
				PRODUCT_BUNDLE_IDENTIFIER = "justin.window-shopperUITests";
				PRODUCT_NAME = "$(TARGET_NAME)";
				SWIFT_VERSION = 4.0;
				TARGETED_DEVICE_FAMILY = "1,2";
				TEST_TARGET_NAME = "window-shopper";
			};
			name = Release;
		};
/* End XCBuildConfiguration section */

/* Begin XCConfigurationList section */
		707055C01F771562004412D3 /* Build configuration list for PBXProject "window-shopper" */ = {
			isa = XCConfigurationList;
			buildConfigurations = (
				707055EB1F771562004412D3 /* Debug */,
				707055EC1F771562004412D3 /* Release */,
			);
			defaultConfigurationIsVisible = 0;
			defaultConfigurationName = Release;
		};
		707055ED1F771562004412D3 /* Build configuration list for PBXNativeTarget "window-shopper" */ = {
			isa = XCConfigurationList;
			buildConfigurations = (
				707055EE1F771562004412D3 /* Debug */,
				707055EF1F771562004412D3 /* Release */,
			);
			defaultConfigurationIsVisible = 0;
			defaultConfigurationName = Release;
		};
		707055F01F771562004412D3 /* Build configuration list for PBXNativeTarget "window-shopperTests" */ = {
			isa = XCConfigurationList;
			buildConfigurations = (
				707055F11F771562004412D3 /* Debug */,
				707055F21F771562004412D3 /* Release */,
			);
			defaultConfigurationIsVisible = 0;
			defaultConfigurationName = Release;
		};
		707055F31F771562004412D3 /* Build configuration list for PBXNativeTarget "window-shopperUITests" */ = {
			isa = XCConfigurationList;
			buildConfigurations = (
				707055F41F771562004412D3 /* Debug */,
				707055F51F771562004412D3 /* Release */,
			);
			defaultConfigurationIsVisible = 0;
			defaultConfigurationName = Release;
		};
/* End XCConfigurationList section */
	};
	rootObject = 707055BD1F771562004412D3 /* Project object */;
}
